
Microsoft Visual Studio Solution File, Format Version 12.00
# Visual Studio Version 17
VisualStudioVersion = 17.14.36511.14
MinimumVisualStudioVersion = 10.0.40219.1
Project("{2150E333-8FDC-42A3-9474-1A3956D46DE8}") = "Task0", "Task0", "{02EA681E-C7D8-13C7-8484-4AC65E1B71E8}"
EndProject
Project("{FAE04EC0-301F-11D3-BF4B-00C04F79EFBC}") = "Tyuiu.BiryukovAY.Sprint2.Task0.V26", "Tyuiu.BiryukovAY.Sprint2.Task0.V26\Tyuiu.BiryukovAY.Sprint2.Task0.V26.csproj", "{ED7B11B1-843A-4F01-8912-F3A07DA65A5F}"
EndProject
Project("{FAE04EC0-301F-11D3-BF4B-00C04F79EFBC}") = "Tyuiu.BiryukovAY.Sprint2.Task0.V26.Lib", "Tyuiu.BiryukovAY.Sprint2.Task0.V26.Lib\Tyuiu.BiryukovAY.Sprint2.Task0.V26.Lib.csproj", "{397A8BF6-F71C-41ED-8B61-D22FCEDB1150}"
EndProject
Project("{FAE04EC0-301F-11D3-BF4B-00C04F79EFBC}") = "Tyuiu.BiryukovAY.Sprint2.Task0.V26.Test", "Tyuiu.BiryukovAY.Sprint2.Task0.V26.Test\Tyuiu.BiryukovAY.Sprint2.Task0.V26.Test.csproj", "{753E05AA-D57E-4F0A-9793-5401722B7D31}"
EndProject
Project("{2150E333-8FDC-42A3-9474-1A3956D46DE8}") = "Task1", "Task1", "{07C8E6C9-9699-4ED1-8F65-580EF760E2EA}"
EndProject
Project("{FAE04EC0-301F-11D3-BF4B-00C04F79EFBC}") = "Tyuiu.BiryukovAY.Sprint2.Task1.V19", "Tyuiu.BiryukovAY.Sprint2.Task1.V19\Tyuiu.BiryukovAY.Sprint2.Task1.V19.csproj", "{AA95DCE1-0143-4CAB-A13D-18DE6A372F89}"
EndProject
Project("{FAE04EC0-301F-11D3-BF4B-00C04F79EFBC}") = "Tyuiu.BiryukovAY.Sprint2.Task1.V19.Lib", "Tyuiu.BiryukovAY.Sprint2.Task1.V19.Lib\Tyuiu.BiryukovAY.Sprint2.Task1.V19.Lib.csproj", "{706EF40F-305D-4DD4-824D-0AE04BF8B7FD}"
EndProject
Project("{FAE04EC0-301F-11D3-BF4B-00C04F79EFBC}") = "Tyuiu.BiryukovAY.Sprint2.Task1.V19.Test", "Tyuiu.BiryukovAY.Sprint2.Task1.V19.Test\Tyuiu.BiryukovAY.Sprint2.Task1.V19.Test.csproj", "{73A49781-5195-4E76-8322-4E42FA13E948}"
EndProject
Project("{2150E333-8FDC-42A3-9474-1A3956D46DE8}") = "Task2", "Task2", "{FCB2567B-27C2-4AD7-AEAF-A74374AC6689}"
EndProject
Project("{FAE04EC0-301F-11D3-BF4B-00C04F79EFBC}") = "Tyuiu.BiryukovAY.Sprint2.Task2.V12", "Tyuiu.BiryukovAY.Sprint2.Task2.V12\Tyuiu.BiryukovAY.Sprint2.Task2.V12.csproj", "{B2761423-81CA-4B33-A4C9-D92A1CF3D0DE}"
EndProject
Project("{FAE04EC0-301F-11D3-BF4B-00C04F79EFBC}") = "Tyuiu.BiryukovAY.Sprint2.Task2.V12.Lib", "Tyuiu.BiryukovAY.Sprint2.Task2.V12.Lib\Tyuiu.BiryukovAY.Sprint2.Task2.V12.Lib.csproj", "{905995A2-174E-42F3-9AEB-37C40A9EBEF0}"
EndProject
Project("{FAE04EC0-301F-11D3-BF4B-00C04F79EFBC}") = "Tyuiu.BiryukovAY.Sprint2.Task2.V12.Test", "Tyuiu.BiryukovAY.Sprint2.Task2.V12.Test\Tyuiu.BiryukovAY.Sprint2.Task2.V12.Test.csproj", "{22A7769A-D708-4BF2-8686-BA7D108BE064}"
EndProject
Global
	GlobalSection(SolutionConfigurationPlatforms) = preSolution
		Debug|Any CPU = Debug|Any CPU
		Release|Any CPU = Release|Any CPU
	EndGlobalSection
	GlobalSection(ProjectConfigurationPlatforms) = postSolution
		{ED7B11B1-843A-4F01-8912-F3A07DA65A5F}.Debug|Any CPU.ActiveCfg = Debug|Any CPU
		{ED7B11B1-843A-4F01-8912-F3A07DA65A5F}.Debug|Any CPU.Build.0 = Debug|Any CPU
		{ED7B11B1-843A-4F01-8912-F3A07DA65A5F}.Release|Any CPU.ActiveCfg = Release|Any CPU
		{ED7B11B1-843A-4F01-8912-F3A07DA65A5F}.Release|Any CPU.Build.0 = Release|Any CPU
		{397A8BF6-F71C-41ED-8B61-D22FCEDB1150}.Debug|Any CPU.ActiveCfg = Debug|Any CPU
		{397A8BF6-F71C-41ED-8B61-D22FCEDB1150}.Debug|Any CPU.Build.0 = Debug|Any CPU
		{397A8BF6-F71C-41ED-8B61-D22FCEDB1150}.Release|Any CPU.ActiveCfg = Release|Any CPU
		{397A8BF6-F71C-41ED-8B61-D22FCEDB1150}.Release|Any CPU.Build.0 = Release|Any CPU
		{753E05AA-D57E-4F0A-9793-5401722B7D31}.Debug|Any CPU.ActiveCfg = Debug|Any CPU
		{753E05AA-D57E-4F0A-9793-5401722B7D31}.Debug|Any CPU.Build.0 = Debug|Any CPU
		{753E05AA-D57E-4F0A-9793-5401722B7D31}.Release|Any CPU.ActiveCfg = Release|Any CPU
		{753E05AA-D57E-4F0A-9793-5401722B7D31}.Release|Any CPU.Build.0 = Release|Any CPU
		{AA95DCE1-0143-4CAB-A13D-18DE6A372F89}.Debug|Any CPU.ActiveCfg = Debug|Any CPU
		{AA95DCE1-0143-4CAB-A13D-18DE6A372F89}.Debug|Any CPU.Build.0 = Debug|Any CPU
		{AA95DCE1-0143-4CAB-A13D-18DE6A372F89}.Release|Any CPU.ActiveCfg = Release|Any CPU
		{AA95DCE1-0143-4CAB-A13D-18DE6A372F89}.Release|Any CPU.Build.0 = Release|Any CPU
		{706EF40F-305D-4DD4-824D-0AE04BF8B7FD}.Debug|Any CPU.ActiveCfg = Debug|Any CPU
		{706EF40F-305D-4DD4-824D-0AE04BF8B7FD}.Debug|Any CPU.Build.0 = Debug|Any CPU
		{706EF40F-305D-4DD4-824D-0AE04BF8B7FD}.Release|Any CPU.ActiveCfg = Release|Any CPU
		{706EF40F-305D-4DD4-824D-0AE04BF8B7FD}.Release|Any CPU.Build.0 = Release|Any CPU
		{73A49781-5195-4E76-8322-4E42FA13E948}.Debug|Any CPU.ActiveCfg = Debug|Any CPU
		{73A49781-5195-4E76-8322-4E42FA13E948}.Debug|Any CPU.Build.0 = Debug|Any CPU
		{73A49781-5195-4E76-8322-4E42FA13E948}.Release|Any CPU.ActiveCfg = Release|Any CPU
		{73A49781-5195-4E76-8322-4E42FA13E948}.Release|Any CPU.Build.0 = Release|Any CPU
		{B2761423-81CA-4B33-A4C9-D92A1CF3D0DE}.Debug|Any CPU.ActiveCfg = Debug|Any CPU
		{B2761423-81CA-4B33-A4C9-D92A1CF3D0DE}.Debug|Any CPU.Build.0 = Debug|Any CPU
		{B2761423-81CA-4B33-A4C9-D92A1CF3D0DE}.Release|Any CPU.ActiveCfg = Release|Any CPU
		{B2761423-81CA-4B33-A4C9-D92A1CF3D0DE}.Release|Any CPU.Build.0 = Release|Any CPU
		{905995A2-174E-42F3-9AEB-37C40A9EBEF0}.Debug|Any CPU.ActiveCfg = Debug|Any CPU
		{905995A2-174E-42F3-9AEB-37C40A9EBEF0}.Debug|Any CPU.Build.0 = Debug|Any CPU
		{905995A2-174E-42F3-9AEB-37C40A9EBEF0}.Release|Any CPU.ActiveCfg = Release|Any CPU
		{905995A2-174E-42F3-9AEB-37C40A9EBEF0}.Release|Any CPU.Build.0 = Release|Any CPU
		{22A7769A-D708-4BF2-8686-BA7D108BE064}.Debug|Any CPU.ActiveCfg = Debug|Any CPU
		{22A7769A-D708-4BF2-8686-BA7D108BE064}.Debug|Any CPU.Build.0 = Debug|Any CPU
		{22A7769A-D708-4BF2-8686-BA7D108BE064}.Release|Any CPU.ActiveCfg = Release|Any CPU
		{22A7769A-D708-4BF2-8686-BA7D108BE064}.Release|Any CPU.Build.0 = Release|Any CPU
	EndGlobalSection
	GlobalSection(SolutionProperties) = preSolution
		HideSolutionNode = FALSE
	EndGlobalSection
	GlobalSection(NestedProjects) = preSolution
		{ED7B11B1-843A-4F01-8912-F3A07DA65A5F} = {02EA681E-C7D8-13C7-8484-4AC65E1B71E8}
		{397A8BF6-F71C-41ED-8B61-D22FCEDB1150} = {02EA681E-C7D8-13C7-8484-4AC65E1B71E8}
		{753E05AA-D57E-4F0A-9793-5401722B7D31} = {02EA681E-C7D8-13C7-8484-4AC65E1B71E8}
		{AA95DCE1-0143-4CAB-A13D-18DE6A372F89} = {07C8E6C9-9699-4ED1-8F65-580EF760E2EA}
		{706EF40F-305D-4DD4-824D-0AE04BF8B7FD} = {07C8E6C9-9699-4ED1-8F65-580EF760E2EA}
		{73A49781-5195-4E76-8322-4E42FA13E948} = {07C8E6C9-9699-4ED1-8F65-580EF760E2EA}
		{B2761423-81CA-4B33-A4C9-D92A1CF3D0DE} = {FCB2567B-27C2-4AD7-AEAF-A74374AC6689}
		{905995A2-174E-42F3-9AEB-37C40A9EBEF0} = {FCB2567B-27C2-4AD7-AEAF-A74374AC6689}
		{22A7769A-D708-4BF2-8686-BA7D108BE064} = {FCB2567B-27C2-4AD7-AEAF-A74374AC6689}
	EndGlobalSection
	GlobalSection(ExtensibilityGlobals) = postSolution
		SolutionGuid = {7B9F5958-C512-42B5-AA0A-6D36B9E5DA45}
	EndGlobalSection
EndGlobal
